// !$*UTF8*$!
{
	archiveVersion = 1;
	classes = {
	};
	objectVersion = 77;
	objects = {

/* Begin PBXBuildFile section */
		094AFA85AD96AC000838AB6C /* WidgetDataStore.swift in Sources */ = {isa = PBXBuildFile; fileRef = EAD4CCC5DAA4521A0B16C11E /* WidgetDataStore.swift */; };
		09563B9A4F337D45BD9C4DAE /* Foundation.framework in Frameworks */ = {isa = PBXBuildFile; fileRef = 51C5B975C952C615D2B89FB9 /* Foundation.framework */; };
		40DCCBCFB0092D2D45D24443 /* WidgetKit.framework in Frameworks */ = {isa = PBXBuildFile; fileRef = 1F85628BA30AE87B660DAE6C /* WidgetKit.framework */; };
		576FDB3CDC207A8DB01E8FE7 /* Assets.xcassets in Resources */ = {isa = PBXBuildFile; fileRef = C0606C1299A210188E74A0C7 /* Assets.xcassets */; };
		5C3D4CC472F04E9FD271CA6E /* SwiftUI.framework in Frameworks */ = {isa = PBXBuildFile; fileRef = D57E81C569171BFCD30DCD03 /* SwiftUI.framework */; };
		B60BB7B386E00991775510BD /* VoiceMealWidgetExtension.appex in Embed Foundation Extensions */ = {isa = PBXBuildFile; fileRef = 653665859AD431C4DDD50613 /* VoiceMealWidgetExtension.appex */; settings = {ATTRIBUTES = (RemoveHeadersOnCopy, ); }; };
		B974CE8B2F78296600EEC453 /* VoiceMealWatch Watch App.app in Embed Watch Content */ = {isa = PBXBuildFile; fileRef = B974CE6B2F78296500EEC453 /* VoiceMealWatch Watch App.app */; settings = {ATTRIBUTES = (RemoveHeadersOnCopy, ); }; };
		B9E588E32F8F5AEC00AA128D /* Sentry in Frameworks */ = {isa = PBXBuildFile; productRef = B9E588E22F8F5AEC00AA128D /* Sentry */; };
		F6235255A93E69CAFC75D426 /* VoiceMealWidget.swift in Sources */ = {isa = PBXBuildFile; fileRef = 518844E37B2DADF4C884F472 /* VoiceMealWidget.swift */; };
/* End PBXBuildFile section */

/* Begin PBXContainerItemProxy section */
		5063BDAE74E2FC11D1A7510A /* PBXContainerItemProxy */ = {
			isa = PBXContainerItemProxy;
			containerPortal = B98021612F620F300032CCEB /* Project object */;
			proxyType = 1;
			remoteGlobalIDString = 14915B99E49B2F1FA5A7EB96;
			remoteInfo = VoiceMealWidgetExtension;
		};
		B974CE782F78296600EEC453 /* PBXContainerItemProxy */ = {
			isa = PBXContainerItemProxy;
			containerPortal = B98021612F620F300032CCEB /* Project object */;
			proxyType = 1;
			remoteGlobalIDString = B974CE6A2F78296500EEC453;
			remoteInfo = "VoiceMealWatch Watch App";
		};
		B974CE822F78296600EEC453 /* PBXContainerItemProxy */ = {
			isa = PBXContainerItemProxy;
			containerPortal = B98021612F620F300032CCEB /* Project object */;
			proxyType = 1;
			remoteGlobalIDString = B974CE6A2F78296500EEC453;
			remoteInfo = "VoiceMealWatch Watch App";
		};
		B974CE892F78296600EEC453 /* PBXContainerItemProxy */ = {
			isa = PBXContainerItemProxy;
			containerPortal = B98021612F620F300032CCEB /* Project object */;
			proxyType = 1;
			remoteGlobalIDString = B974CE6A2F78296500EEC453;
			remoteInfo = "VoiceMealWatch Watch App";
		};
		B98021792F620F310032CCEB /* PBXContainerItemProxy */ = {
			isa = PBXContainerItemProxy;
			containerPortal = B98021612F620F300032CCEB /* Project object */;
			proxyType = 1;
			remoteGlobalIDString = B98021682F620F300032CCEB;
			remoteInfo = VoiceMeal;
		};
		B98021832F620F310032CCEB /* PBXContainerItemProxy */ = {
			isa = PBXContainerItemProxy;
			containerPortal = B98021612F620F300032CCEB /* Project object */;
			proxyType = 1;
			remoteGlobalIDString = B98021682F620F300032CCEB;
			remoteInfo = VoiceMeal;
		};
/* End PBXContainerItemProxy section */

/* Begin PBXCopyFilesBuildPhase section */
		A8A7B6DAE132D549B00B2149 /* Embed Foundation Extensions */ = {
			isa = PBXCopyFilesBuildPhase;
			buildActionMask = 2147483647;
			dstPath = "";
			dstSubfolderSpec = 13;
			files = (
				B60BB7B386E00991775510BD /* VoiceMealWidgetExtension.appex in Embed Foundation Extensions */,
			);
			name = "Embed Foundation Extensions";
			runOnlyForDeploymentPostprocessing = 0;
		};
		B974CE8F2F78296600EEC453 /* Embed Watch Content */ = {
			isa = PBXCopyFilesBuildPhase;
			buildActionMask = 2147483647;
			dstPath = "$(CONTENTS_FOLDER_PATH)/Watch";
			dstSubfolderSpec = 16;
			files = (
				B974CE8B2F78296600EEC453 /* VoiceMealWatch Watch App.app in Embed Watch Content */,
			);
			name = "Embed Watch Content";
			runOnlyForDeploymentPostprocessing = 0;
		};
/* End PBXCopyFilesBuildPhase section */

/* Begin PBXFileReference section */
		1F85628BA30AE87B660DAE6C /* WidgetKit.framework */ = {isa = PBXFileReference; lastKnownFileType = wrapper.framework; name = WidgetKit.framework; path = System/Library/Frameworks/WidgetKit.framework; sourceTree = SDKROOT; };
		518844E37B2DADF4C884F472 /* VoiceMealWidget.swift */ = {isa = PBXFileReference; includeInIndex = 1; lastKnownFileType = sourcecode.swift; path = VoiceMealWidget.swift; sourceTree = "<group>"; };
		51C5B975C952C615D2B89FB9 /* Foundation.framework */ = {isa = PBXFileReference; lastKnownFileType = wrapper.framework; name = Foundation.framework; path = Platforms/iPhoneOS.platform/Developer/SDKs/iPhoneOS18.0.sdk/System/Library/Frameworks/Foundation.framework; sourceTree = DEVELOPER_DIR; };
		653665859AD431C4DDD50613 /* VoiceMealWidgetExtension.appex */ = {isa = PBXFileReference; explicitFileType = "wrapper.app-extension"; includeInIndex = 0; path = VoiceMealWidgetExtension.appex; sourceTree = BUILT_PRODUCTS_DIR; };
		6AD0D608C9DEFF8CF4C9FA38 /* WidgetKit.framework */ = {isa = PBXFileReference; lastKnownFileType = wrapper.framework; name = WidgetKit.framework; path = System/Library/Frameworks/WidgetKit.framework; sourceTree = SDKROOT; };
		9AED2027D01E948A3A16A55A /* SwiftUI.framework */ = {isa = PBXFileReference; lastKnownFileType = wrapper.framework; name = SwiftUI.framework; path = System/Library/Frameworks/SwiftUI.framework; sourceTree = SDKROOT; };
		B974CE6B2F78296500EEC453 /* VoiceMealWatch Watch App.app */ = {isa = PBXFileReference; explicitFileType = wrapper.application; includeInIndex = 0; path = "VoiceMealWatch Watch App.app"; sourceTree = BUILT_PRODUCTS_DIR; };
		B974CE772F78296600EEC453 /* VoiceMealWatch Watch AppTests.xctest */ = {isa = PBXFileReference; explicitFileType = wrapper.cfbundle; includeInIndex = 0; path = "VoiceMealWatch Watch AppTests.xctest"; sourceTree = BUILT_PRODUCTS_DIR; };
		B974CE812F78296600EEC453 /* VoiceMealWatch Watch AppUITests.xctest */ = {isa = PBXFileReference; explicitFileType = wrapper.cfbundle; includeInIndex = 0; path = "VoiceMealWatch Watch AppUITests.xctest"; sourceTree = BUILT_PRODUCTS_DIR; };
		B98021692F620F300032CCEB /* VoiceMeal.app */ = {isa = PBXFileReference; explicitFileType = wrapper.application; includeInIndex = 0; path = VoiceMeal.app; sourceTree = BUILT_PRODUCTS_DIR; };
		B98021782F620F310032CCEB /* VoiceMealTests.xctest */ = {isa = PBXFileReference; explicitFileType = wrapper.cfbundle; includeInIndex = 0; path = VoiceMealTests.xctest; sourceTree = BUILT_PRODUCTS_DIR; };
		B98021822F620F310032CCEB /* VoiceMealUITests.xctest */ = {isa = PBXFileReference; explicitFileType = wrapper.cfbundle; includeInIndex = 0; path = VoiceMealUITests.xctest; sourceTree = BUILT_PRODUCTS_DIR; };
		B98021A02F620F310032CCEB /* Config.xcconfig */ = {isa = PBXFileReference; lastKnownFileType = text.xcconfig; path = Config.xcconfig; sourceTree = "<group>"; };
		B98021A12F620F310032CCEB /* Info.plist */ = {isa = PBXFileReference; lastKnownFileType = text.plist.xml; path = Info.plist; sourceTree = "<group>"; };
		C0606C1299A210188E74A0C7 /* Assets.xcassets */ = {isa = PBXFileReference; includeInIndex = 1; lastKnownFileType = folder.assetcatalog; path = Assets.xcassets; sourceTree = "<group>"; };
		D57E81C569171BFCD30DCD03 /* SwiftUI.framework */ = {isa = PBXFileReference; lastKnownFileType = wrapper.framework; name = SwiftUI.framework; path = System/Library/Frameworks/SwiftUI.framework; sourceTree = SDKROOT; };
		EAD4CCC5DAA4521A0B16C11E /* WidgetDataStore.swift */ = {isa = PBXFileReference; includeInIndex = 1; lastKnownFileType = sourcecode.swift; name = WidgetDataStore.swift; path = VoiceMeal/Shared/WidgetDataStore.swift; sourceTree = SOURCE_ROOT; };
/* End PBXFileReference section */

/* Begin PBXFileSystemSynchronizedRootGroup section */
		B974CE6C2F78296500EEC453 /* VoiceMealWatch Watch App */ = {
			isa = PBXFileSystemSynchronizedRootGroup;
			path = "VoiceMealWatch Watch App";
			sourceTree = "<group>";
		};
		B974CE7A2F78296600EEC453 /* VoiceMealWatch Watch AppTests */ = {
			isa = PBXFileSystemSynchronizedRootGroup;
			path = "VoiceMealWatch Watch AppTests";
			sourceTree = "<group>";
		};
		B974CE842F78296600EEC453 /* VoiceMealWatch Watch AppUITests */ = {
			isa = PBXFileSystemSynchronizedRootGroup;
			path = "VoiceMealWatch Watch AppUITests";
			sourceTree = "<group>";
		};
		B980216B2F620F300032CCEB /* VoiceMeal */ = {
			isa = PBXFileSystemSynchronizedRootGroup;
			path = VoiceMeal;
			sourceTree = "<group>";
		};
		B980217B2F620F310032CCEB /* VoiceMealTests */ = {
			isa = PBXFileSystemSynchronizedRootGroup;
			path = VoiceMealTests;
			sourceTree = "<group>";
		};
		B98021852F620F310032CCEB /* VoiceMealUITests */ = {
			isa = PBXFileSystemSynchronizedRootGroup;
			path = VoiceMealUITests;
			sourceTree = "<group>";
		};
/* End PBXFileSystemSynchronizedRootGroup section */

/* Begin PBXFrameworksBuildPhase section */
		B1D0485E9A57AA77A5579D29 /* Frameworks */ = {
			isa = PBXFrameworksBuildPhase;
			buildActionMask = 2147483647;
			files = (
				09563B9A4F337D45BD9C4DAE /* Foundation.framework in Frameworks */,
				40DCCBCFB0092D2D45D24443 /* WidgetKit.framework in Frameworks */,
				5C3D4CC472F04E9FD271CA6E /* SwiftUI.framework in Frameworks */,
			);
			runOnlyForDeploymentPostprocessing = 0;
		};
		B974CE682F78296500EEC453 /* Frameworks */ = {
			isa = PBXFrameworksBuildPhase;
			buildActionMask = 2147483647;
			files = (
			);
			runOnlyForDeploymentPostprocessing = 0;
		};
		B974CE742F78296600EEC453 /* Frameworks */ = {
			isa = PBXFrameworksBuildPhase;
			buildActionMask = 2147483647;
			files = (
			);
			runOnlyForDeploymentPostprocessing = 0;
		};
		B974CE7E2F78296600EEC453 /* Frameworks */ = {
			isa = PBXFrameworksBuildPhase;
			buildActionMask = 2147483647;
			files = (
			);
			runOnlyForDeploymentPostprocessing = 0;
		};
		B98021662F620F300032CCEB /* Frameworks */ = {
			isa = PBXFrameworksBuildPhase;
			buildActionMask = 2147483647;
			files = (
				B9E588E32F8F5AEC00AA128D /* Sentry in Frameworks */,
			);
			runOnlyForDeploymentPostprocessing = 0;
		};
		B98021752F620F310032CCEB /* Frameworks */ = {
			isa = PBXFrameworksBuildPhase;
			buildActionMask = 2147483647;
			files = (
			);
			runOnlyForDeploymentPostprocessing = 0;
		};
		B980217F2F620F310032CCEB /* Frameworks */ = {
			isa = PBXFrameworksBuildPhase;
			buildActionMask = 2147483647;
			files = (
			);
			runOnlyForDeploymentPostprocessing = 0;
		};
/* End PBXFrameworksBuildPhase section */

/* Begin PBXGroup section */
		689689A57C57F2DA8F2C4BAB /* Frameworks */ = {
			isa = PBXGroup;
			children = (
				1F85628BA30AE87B660DAE6C /* WidgetKit.framework */,
				D57E81C569171BFCD30DCD03 /* SwiftUI.framework */,
			);
			name = Frameworks;
			sourceTree = "<group>";
		};
		99AADD580271C3262B8BDBC2 /* Frameworks */ = {
			isa = PBXGroup;
			children = (
				6AD0D608C9DEFF8CF4C9FA38 /* WidgetKit.framework */,
				9AED2027D01E948A3A16A55A /* SwiftUI.framework */,
				F6C985A087777743812C9AAB /* iOS */,
			);
			name = Frameworks;
			sourceTree = "<group>";
		};
		B98021602F620F300032CCEB = {
			isa = PBXGroup;
			children = (
				B98021A02F620F310032CCEB /* Config.xcconfig */,
				B98021A12F620F310032CCEB /* Info.plist */,
				B980216B2F620F300032CCEB /* VoiceMeal */,
				B980217B2F620F310032CCEB /* VoiceMealTests */,
				B98021852F620F310032CCEB /* VoiceMealUITests */,
				B974CE6C2F78296500EEC453 /* VoiceMealWatch Watch App */,
				B974CE7A2F78296600EEC453 /* VoiceMealWatch Watch AppTests */,
				B974CE842F78296600EEC453 /* VoiceMealWatch Watch AppUITests */,
				B980216A2F620F300032CCEB /* Products */,
				99AADD580271C3262B8BDBC2 /* Frameworks */,
				CBC27E4D1C63A3C93411C616 /* VoiceMealWidget */,
				689689A57C57F2DA8F2C4BAB /* Frameworks */,
			);
			sourceTree = "<group>";
		};
		B980216A2F620F300032CCEB /* Products */ = {
			isa = PBXGroup;
			children = (
				B98021692F620F300032CCEB /* VoiceMeal.app */,
				B98021782F620F310032CCEB /* VoiceMealTests.xctest */,
				B98021822F620F310032CCEB /* VoiceMealUITests.xctest */,
				653665859AD431C4DDD50613 /* VoiceMealWidgetExtension.appex */,
				B974CE6B2F78296500EEC453 /* VoiceMealWatch Watch App.app */,
				B974CE772F78296600EEC453 /* VoiceMealWatch Watch AppTests.xctest */,
				B974CE812F78296600EEC453 /* VoiceMealWatch Watch AppUITests.xctest */,
			);
			name = Products;
			sourceTree = "<group>";
		};
		CBC27E4D1C63A3C93411C616 /* VoiceMealWidget */ = {
			isa = PBXGroup;
			children = (
				518844E37B2DADF4C884F472 /* VoiceMealWidget.swift */,
				EAD4CCC5DAA4521A0B16C11E /* WidgetDataStore.swift */,
				C0606C1299A210188E74A0C7 /* Assets.xcassets */,
			);
			path = VoiceMealWidget;
			sourceTree = "<group>";
		};
		F6C985A087777743812C9AAB /* iOS */ = {
			isa = PBXGroup;
			children = (
				51C5B975C952C615D2B89FB9 /* Foundation.framework */,
			);
			name = iOS;
			sourceTree = "<group>";
		};
/* End PBXGroup section */

/* Begin PBXNativeTarget section */
		14915B99E49B2F1FA5A7EB96 /* VoiceMealWidgetExtension */ = {
			isa = PBXNativeTarget;
			buildConfigurationList = 1F5C7AEBCFC4C810356F8CAF /* Build configuration list for PBXNativeTarget "VoiceMealWidgetExtension" */;
			buildPhases = (
				73C6F53EC72BF696EA65FCB1 /* Sources */,
				B1D0485E9A57AA77A5579D29 /* Frameworks */,
				0B2C97A924EE85742018CE82 /* Resources */,
			);
			buildRules = (
			);
			dependencies = (
			);
			name = VoiceMealWidgetExtension;
			productName = VoiceMealWidgetExtension;
			productReference = 653665859AD431C4DDD50613 /* VoiceMealWidgetExtension.appex */;
			productType = "com.apple.product-type.app-extension";
		};
		B974CE6A2F78296500EEC453 /* VoiceMealWatch Watch App */ = {
			isa = PBXNativeTarget;
			buildConfigurationList = B974CE8C2F78296600EEC453 /* Build configuration list for PBXNativeTarget "VoiceMealWatch Watch App" */;
			buildPhases = (
				B974CE672F78296500EEC453 /* Sources */,
				B974CE682F78296500EEC453 /* Frameworks */,
				B974CE692F78296500EEC453 /* Resources */,
			);
			buildRules = (
			);
			dependencies = (
			);
			fileSystemSynchronizedGroups = (
				B974CE6C2F78296500EEC453 /* VoiceMealWatch Watch App */,
			);
			name = "VoiceMealWatch Watch App";
			packageProductDependencies = (
			);
			productName = "VoiceMealWatch Watch App";
			productReference = B974CE6B2F78296500EEC453 /* VoiceMealWatch Watch App.app */;
			productType = "com.apple.product-type.application";
		};
		B974CE762F78296600EEC453 /* VoiceMealWatch Watch AppTests */ = {
			isa = PBXNativeTarget;
			buildConfigurationList = B974CE902F78296600EEC453 /* Build configuration list for PBXNativeTarget "VoiceMealWatch Watch AppTests" */;
			buildPhases = (
				B974CE732F78296600EEC453 /* Sources */,
				B974CE742F78296600EEC453 /* Frameworks */,
				B974CE752F78296600EEC453 /* Resources */,
			);
			buildRules = (
			);
			dependencies = (
				B974CE792F78296600EEC453 /* PBXTargetDependency */,
			);
			fileSystemSynchronizedGroups = (
				B974CE7A2F78296600EEC453 /* VoiceMealWatch Watch AppTests */,
			);
			name = "VoiceMealWatch Watch AppTests";
			packageProductDependencies = (
			);
			productName = "VoiceMealWatch Watch AppTests";
			productReference = B974CE772F78296600EEC453 /* VoiceMealWatch Watch AppTests.xctest */;
			productType = "com.apple.product-type.bundle.unit-test";
		};
		B974CE802F78296600EEC453 /* VoiceMealWatch Watch AppUITests */ = {
			isa = PBXNativeTarget;
			buildConfigurationList = B974CE932F78296600EEC453 /* Build configuration list for PBXNativeTarget "VoiceMealWatch Watch AppUITests" */;
			buildPhases = (
				B974CE7D2F78296600EEC453 /* Sources */,
				B974CE7E2F78296600EEC453 /* Frameworks */,
				B974CE7F2F78296600EEC453 /* Resources */,
			);
			buildRules = (
			);
			dependencies = (
				B974CE832F78296600EEC453 /* PBXTargetDependency */,
			);
			fileSystemSynchronizedGroups = (
				B974CE842F78296600EEC453 /* VoiceMealWatch Watch AppUITests */,
			);
			name = "VoiceMealWatch Watch AppUITests";
			packageProductDependencies = (
			);
			productName = "VoiceMealWatch Watch AppUITests";
			productReference = B974CE812F78296600EEC453 /* VoiceMealWatch Watch AppUITests.xctest */;
			productType = "com.apple.product-type.bundle.ui-testing";
		};
		B98021682F620F300032CCEB /* VoiceMeal */ = {
			isa = PBXNativeTarget;
			buildConfigurationList = B980218C2F620F310032CCEB /* Build configuration list for PBXNativeTarget "VoiceMeal" */;
			buildPhases = (
				B98021652F620F300032CCEB /* Sources */,
				B98021662F620F300032CCEB /* Frameworks */,
				B98021672F620F300032CCEB /* Resources */,
				A8A7B6DAE132D549B00B2149 /* Embed Foundation Extensions */,
			);
			buildRules = (
			);
			dependencies = (
				C215759AB9BABBA821C0CF79 /* PBXTargetDependency */,
			);
			fileSystemSynchronizedGroups = (
				B980216B2F620F300032CCEB /* VoiceMeal */,
			);
			name = VoiceMeal;
			productName = VoiceMeal;
			productReference = B98021692F620F300032CCEB /* VoiceMeal.app */;
			productType = "com.apple.product-type.application";
		};
		B98021772F620F310032CCEB /* VoiceMealTests */ = {
			isa = PBXNativeTarget;
			buildConfigurationList = B980218F2F620F310032CCEB /* Build configuration list for PBXNativeTarget "VoiceMealTests" */;
			buildPhases = (
				B98021742F620F310032CCEB /* Sources */,
				B98021752F620F310032CCEB /* Frameworks */,
				B98021762F620F310032CCEB /* Resources */,
			);
			buildRules = (
			);
			dependencies = (
				B980217A2F620F310032CCEB /* PBXTargetDependency */,
			);
			fileSystemSynchronizedGroups = (
				B980217B2F620F310032CCEB /* VoiceMealTests */,
			);
			name = VoiceMealTests;
			productName = VoiceMealTests;
			productReference = B98021782F620F310032CCEB /* VoiceMealTests.xctest */;
			productType = "com.apple.product-type.bundle.unit-test";
		};
		B98021812F620F310032CCEB /* VoiceMealUITests */ = {
			isa = PBXNativeTarget;
			buildConfigurationList = B98021922F620F310032CCEB /* Build configuration list for PBXNativeTarget "VoiceMealUITests" */;
			buildPhases = (
				B980217E2F620F310032CCEB /* Sources */,
				B980217F2F620F310032CCEB /* Frameworks */,
				B98021802F620F310032CCEB /* Resources */,
			);
			buildRules = (
			);
			dependencies = (
				B98021842F620F310032CCEB /* PBXTargetDependency */,
			);
			fileSystemSynchronizedGroups = (
				B98021852F620F310032CCEB /* VoiceMealUITests */,
			);
			name = VoiceMealUITests;
			productName = VoiceMealUITests;
			productReference = B98021822F620F310032CCEB /* VoiceMealUITests.xctest */;
			productType = "com.apple.product-type.bundle.ui-testing";
		};
/* End PBXNativeTarget section */

/* Begin PBXProject section */
		B98021612F620F300032CCEB /* Project object */ = {
			isa = PBXProject;
			attributes = {
				BuildIndependentTargetsInParallel = 1;
				LastSwiftUpdateCheck = 2620;
				LastUpgradeCheck = 2620;
				TargetAttributes = {
					B974CE6A2F78296500EEC453 = {
						CreatedOnToolsVersion = 26.2;
					};
					B974CE762F78296600EEC453 = {
						CreatedOnToolsVersion = 26.2;
						TestTargetID = B974CE6A2F78296500EEC453;
					};
					B974CE802F78296600EEC453 = {
						CreatedOnToolsVersion = 26.2;
						TestTargetID = B974CE6A2F78296500EEC453;
					};
					B98021682F620F300032CCEB = {
						CreatedOnToolsVersion = 26.2;
					};
					B98021772F620F310032CCEB = {
						CreatedOnToolsVersion = 26.2;
						TestTargetID = B98021682F620F300032CCEB;
					};
					B98021812F620F310032CCEB = {
						CreatedOnToolsVersion = 26.2;
						TestTargetID = B98021682F620F300032CCEB;
					};
				};
			};
			buildConfigurationList = B98021642F620F300032CCEB /* Build configuration list for PBXProject "VoiceMeal" */;
			developmentRegion = en;
			hasScannedForEncodings = 0;
			knownRegions = (
				en,
				Base,
				tr,
			);
			mainGroup = B98021602F620F300032CCEB;
			minimizedProjectReferenceProxies = 1;
			packageReferences = (
				B9E588E12F8F5A0700AA128D /* XCRemoteSwiftPackageReference "sentry-cocoa" */,
			);
			preferredProjectObjectVersion = 77;
			productRefGroup = B980216A2F620F300032CCEB /* Products */;
			projectDirPath = "";
			projectRoot = "";
			targets = (
				B98021682F620F300032CCEB /* VoiceMeal */,
				B98021772F620F310032CCEB /* VoiceMealTests */,
				B98021812F620F310032CCEB /* VoiceMealUITests */,
				14915B99E49B2F1FA5A7EB96 /* VoiceMealWidgetExtension */,
				B974CE6A2F78296500EEC453 /* VoiceMealWatch Watch App */,
				B974CE762F78296600EEC453 /* VoiceMealWatch Watch AppTests */,
				B974CE802F78296600EEC453 /* VoiceMealWatch Watch AppUITests */,
			);
		};
/* End PBXProject section */

/* Begin PBXResourcesBuildPhase section */
		0B2C97A924EE85742018CE82 /* Resources */ = {
			isa = PBXResourcesBuildPhase;
			buildActionMask = 2147483647;
			files = (
				576FDB3CDC207A8DB01E8FE7 /* Assets.xcassets in Resources */,
			);
			runOnlyForDeploymentPostprocessing = 0;
		};
		B974CE692F78296500EEC453 /* Resources */ = {
			isa = PBXResourcesBuildPhase;
			buildActionMask = 2147483647;
			files = (
			);
			runOnlyForDeploymentPostprocessing = 0;
		};
		B974CE752F78296600EEC453 /* Resources */ = {
			isa = PBXResourcesBuildPhase;
			buildActionMask = 2147483647;
			files = (
			);
			runOnlyForDeploymentPostprocessing = 0;
		};
		B974CE7F2F78296600EEC453 /* Resources */ = {
			isa = PBXResourcesBuildPhase;
			buildActionMask = 2147483647;
			files = (
			);
			runOnlyForDeploymentPostprocessing = 0;
		};
		B98021672F620F300032CCEB /* Resources */ = {
			isa = PBXResourcesBuildPhase;
			buildActionMask = 2147483647;
			files = (
			);
			runOnlyForDeploymentPostprocessing = 0;
		};
		B98021762F620F310032CCEB /* Resources */ = {
			isa = PBXResourcesBuildPhase;
			buildActionMask = 2147483647;
			files = (
			);
			runOnlyForDeploymentPostprocessing = 0;
		};
		B98021802F620F310032CCEB /* Resources */ = {
			isa = PBXResourcesBuildPhase;
			buildActionMask = 2147483647;
			files = (
			);
			runOnlyForDeploymentPostprocessing = 0;
		};
/* End PBXResourcesBuildPhase section */

/* Begin PBXSourcesBuildPhase section */
		73C6F53EC72BF696EA65FCB1 /* Sources */ = {
			isa = PBXSourcesBuildPhase;
			buildActionMask = 2147483647;
			files = (
				F6235255A93E69CAFC75D426 /* VoiceMealWidget.swift in Sources */,
				094AFA85AD96AC000838AB6C /* WidgetDataStore.swift in Sources */,
			);
			runOnlyForDeploymentPostprocessing = 0;
		};
		B974CE672F78296500EEC453 /* Sources */ = {
			isa = PBXSourcesBuildPhase;
			buildActionMask = 2147483647;
			files = (
			);
			runOnlyForDeploymentPostprocessing = 0;
		};
		B974CE732F78296600EEC453 /* Sources */ = {
			isa = PBXSourcesBuildPhase;
			buildActionMask = 2147483647;
			files = (
			);
			runOnlyForDeploymentPostprocessing = 0;
		};
		B974CE7D2F78296600EEC453 /* Sources */ = {
			isa = PBXSourcesBuildPhase;
			buildActionMask = 2147483647;
			files = (
			);
			runOnlyForDeploymentPostprocessing = 0;
		};
		B98021652F620F300032CCEB /* Sources */ = {
			isa = PBXSourcesBuildPhase;
			buildActionMask = 2147483647;
			files = (
			);
			runOnlyForDeploymentPostprocessing = 0;
		};
		B98021742F620F310032CCEB /* Sources */ = {
			isa = PBXSourcesBuildPhase;
			buildActionMask = 2147483647;
			files = (
			);
			runOnlyForDeploymentPostprocessing = 0;
		};
		B980217E2F620F310032CCEB /* Sources */ = {
			isa = PBXSourcesBuildPhase;
			buildActionMask = 2147483647;
			files = (
			);
			runOnlyForDeploymentPostprocessing = 0;
		};
/* End PBXSourcesBuildPhase section */

/* Begin PBXTargetDependency section */
		B974CE792F78296600EEC453 /* PBXTargetDependency */ = {
			isa = PBXTargetDependency;
			target = B974CE6A2F78296500EEC453 /* VoiceMealWatch Watch App */;
			targetProxy = B974CE782F78296600EEC453 /* PBXContainerItemProxy */;
		};
		B974CE832F78296600EEC453 /* PBXTargetDependency */ = {
			isa = PBXTargetDependency;
			target = B974CE6A2F78296500EEC453 /* VoiceMealWatch Watch App */;
			targetProxy = B974CE822F78296600EEC453 /* PBXContainerItemProxy */;
		};
		B974CE8A2F78296600EEC453 /* PBXTargetDependency */ = {
			isa = PBXTargetDependency;
			target = B974CE6A2F78296500EEC453 /* VoiceMealWatch Watch App */;
			targetProxy = B974CE892F78296600EEC453 /* PBXContainerItemProxy */;
		};
		B980217A2F620F310032CCEB /* PBXTargetDependency */ = {
			isa = PBXTargetDependency;
			target = B98021682F620F300032CCEB /* VoiceMeal */;
			targetProxy = B98021792F620F310032CCEB /* PBXContainerItemProxy */;
		};
		B98021842F620F310032CCEB /* PBXTargetDependency */ = {
			isa = PBXTargetDependency;
			target = B98021682F620F300032CCEB /* VoiceMeal */;
			targetProxy = B98021832F620F310032CCEB /* PBXContainerItemProxy */;
		};
		C215759AB9BABBA821C0CF79 /* PBXTargetDependency */ = {
			isa = PBXTargetDependency;
			name = VoiceMealWidgetExtension;
			target = 14915B99E49B2F1FA5A7EB96 /* VoiceMealWidgetExtension */;
			targetProxy = 5063BDAE74E2FC11D1A7510A /* PBXContainerItemProxy */;
		};
/* End PBXTargetDependency section */

/* Begin XCBuildConfiguration section */
		2BC81038337D12C81094F8B9 /* Debug */ = {
			isa = XCBuildConfiguration;
			buildSettings = {
				ASSETCATALOG_COMPILER_GLOBAL_ACCENT_COLOR_NAME = AccentColor;
				ASSETCATALOG_COMPILER_WIDGET_BACKGROUND_COLOR_NAME = WidgetBackground;
				CODE_SIGN_ENTITLEMENTS = VoiceMealWidget/VoiceMealWidget.entitlements;
				CODE_SIGN_STYLE = Automatic;
				CURRENT_PROJECT_VERSION = 4;
				DEVELOPMENT_TEAM = NAPXV2993R;
				GENERATE_INFOPLIST_FILE = YES;
				INFOPLIST_FILE = VoiceMealWidget/Info.plist;
				INFOPLIST_KEY_CFBundleDisplayName = VoiceMealWidget;
				INFOPLIST_KEY_NSHumanReadableCopyright = "";
				IPHONEOS_DEPLOYMENT_TARGET = 17.6;
				LD_RUNPATH_SEARCH_PATHS = (
					"$(inherited)",
					"@executable_path/Frameworks",
					"@executable_path/../../Frameworks",
				);
				MARKETING_VERSION = 1.0;
				PRODUCT_BUNDLE_IDENTIFIER = indio.VoiceMeal.VoiceMealWidget;
				PRODUCT_NAME = "$(TARGET_NAME)";
				SKIP_INSTALL = YES;
				SWIFT_APPROACHABLE_CONCURRENCY = YES;
				SWIFT_EMIT_LOC_STRINGS = YES;
				SWIFT_UPCOMING_FEATURE_MEMBER_IMPORT_VISIBILITY = YES;
				SWIFT_VERSION = 5.0;
				TARGETED_DEVICE_FAMILY = "1,2";
			};
			name = Debug;
		};
		76928D0CAC80C0ABD5584800 /* Release */ = {
			isa = XCBuildConfiguration;
			buildSettings = {
				ASSETCATALOG_COMPILER_GLOBAL_ACCENT_COLOR_NAME = AccentColor;
				ASSETCATALOG_COMPILER_WIDGET_BACKGROUND_COLOR_NAME = WidgetBackground;
				CODE_SIGN_ENTITLEMENTS = VoiceMealWidget/VoiceMealWidget.entitlements;
				CODE_SIGN_STYLE = Automatic;
				CURRENT_PROJECT_VERSION = 4;
				DEVELOPMENT_TEAM = NAPXV2993R;
				GENERATE_INFOPLIST_FILE = YES;
				INFOPLIST_FILE = VoiceMealWidget/Info.plist;
				INFOPLIST_KEY_CFBundleDisplayName = VoiceMealWidget;
				INFOPLIST_KEY_NSHumanReadableCopyright = "";
				IPHONEOS_DEPLOYMENT_TARGET = 17.6;
				LD_RUNPATH_SEARCH_PATHS = (
					"$(inherited)",
					"@executable_path/Frameworks",
					"@executable_path/../../Frameworks",
				);
				MARKETING_VERSION = 1.0;
				PRODUCT_BUNDLE_IDENTIFIER = indio.VoiceMeal.VoiceMealWidget;
				PRODUCT_NAME = "$(TARGET_NAME)";
				SKIP_INSTALL = YES;
				SWIFT_APPROACHABLE_CONCURRENCY = YES;
				SWIFT_EMIT_LOC_STRINGS = YES;
				SWIFT_UPCOMING_FEATURE_MEMBER_IMPORT_VISIBILITY = YES;
				SWIFT_VERSION = 5.0;
				TARGETED_DEVICE_FAMILY = "1,2";
				VALIDATE_PRODUCT = YES;
			};
			name = Release;
		};
		B974CE8D2F78296600EEC453 /* Debug */ = {
			isa = XCBuildConfiguration;
			buildSettings = {
				ASSETCATALOG_COMPILER_APPICON_NAME = AppIcon;
				ASSETCATALOG_COMPILER_GLOBAL_ACCENT_COLOR_NAME = AccentColor;
				CODE_SIGN_STYLE = Automatic;
				CURRENT_PROJECT_VERSION = 4;
				DEVELOPMENT_TEAM = NAPXV2993R;
				ENABLE_PREVIEWS = YES;
				GENERATE_INFOPLIST_FILE = YES;
				INFOPLIST_KEY_CFBundleDisplayName = VoiceMealWatch;
				INFOPLIST_KEY_UISupportedInterfaceOrientations = "UIInterfaceOrientationPortrait UIInterfaceOrientationPortraitUpsideDown";
				INFOPLIST_KEY_WKCompanionAppBundleIdentifier = indio.VoiceMeal;
				LD_RUNPATH_SEARCH_PATHS = (
					"$(inherited)",
					"@executable_path/Frameworks",
				);
				MARKETING_VERSION = 1.0;
				PRODUCT_BUNDLE_IDENTIFIER = indio.VoiceMeal.watchkitapp;
				PRODUCT_NAME = "$(TARGET_NAME)";
				SDKROOT = watchos;
				SKIP_INSTALL = YES;
				STRING_CATALOG_GENERATE_SYMBOLS = YES;
				SWIFT_APPROACHABLE_CONCURRENCY = YES;
				SWIFT_DEFAULT_ACTOR_ISOLATION = MainActor;
				SWIFT_EMIT_LOC_STRINGS = YES;
				SWIFT_UPCOMING_FEATURE_MEMBER_IMPORT_VISIBILITY = YES;
				SWIFT_VERSION = 5.0;
				TARGETED_DEVICE_FAMILY = 4;
				WATCHOS_DEPLOYMENT_TARGET = 26.0;
			};
			name = Debug;
		};
		B974CE8E2F78296600EEC453 /* Release */ = {
			isa = XCBuildConfiguration;
			buildSettings = {
				ASSETCATALOG_COMPILER_APPICON_NAME = AppIcon;
				ASSETCATALOG_COMPILER_GLOBAL_ACCENT_COLOR_NAME = AccentColor;
				CODE_SIGN_STYLE = Automatic;
				CURRENT_PROJECT_VERSION = 4;
				DEVELOPMENT_TEAM = NAPXV2993R;
				ENABLE_PREVIEWS = YES;
				GENERATE_INFOPLIST_FILE = YES;
				INFOPLIST_KEY_CFBundleDisplayName = VoiceMealWatch;
				INFOPLIST_KEY_UISupportedInterfaceOrientations = "UIInterfaceOrientationPortrait UIInterfaceOrientationPortraitUpsideDown";
				INFOPLIST_KEY_WKCompanionAppBundleIdentifier = indio.VoiceMeal;
				LD_RUNPATH_SEARCH_PATHS = (
					"$(inherited)",
					"@executable_path/Frameworks",
				);
				MARKETING_VERSION = 1.0;
				PRODUCT_BUNDLE_IDENTIFIER = indio.VoiceMeal.watchkitapp;
				PRODUCT_NAME = "$(TARGET_NAME)";
				SDKROOT = watchos;
				SKIP_INSTALL = YES;
				STRING_CATALOG_GENERATE_SYMBOLS = YES;
				SWIFT_APPROACHABLE_CONCURRENCY = YES;
				SWIFT_DEFAULT_ACTOR_ISOLATION = MainActor;
				SWIFT_EMIT_LOC_STRINGS = YES;
				SWIFT_UPCOMING_FEATURE_MEMBER_IMPORT_VISIBILITY = YES;
				SWIFT_VERSION = 5.0;
				TARGETED_DEVICE_FAMILY = 4;
				WATCHOS_DEPLOYMENT_TARGET = 26.0;
			};
			name = Release;
		};
		B974CE912F78296600EEC453 /* Debug */ = {
			isa = XCBuildConfiguration;
			buildSettings = {
				BUNDLE_LOADER = "$(TEST_HOST)";
				CODE_SIGN_STYLE = Automatic;
				CURRENT_PROJECT_VERSION = 1;
				DEVELOPMENT_TEAM = NAPXV2993R;
				GENERATE_INFOPLIST_FILE = YES;
				MARKETING_VERSION = 1.0;
				PRODUCT_BUNDLE_IDENTIFIER = "indio.VoiceMealWatch-Watch-AppTests";
				PRODUCT_NAME = "$(TARGET_NAME)";
				SDKROOT = watchos;
				STRING_CATALOG_GENERATE_SYMBOLS = NO;
				SWIFT_APPROACHABLE_CONCURRENCY = YES;
				SWIFT_EMIT_LOC_STRINGS = NO;
				SWIFT_UPCOMING_FEATURE_MEMBER_IMPORT_VISIBILITY = YES;
				SWIFT_VERSION = 5.0;
				TARGETED_DEVICE_FAMILY = 4;
				TEST_HOST = "$(BUILT_PRODUCTS_DIR)/VoiceMealWatch Watch App.app/$(BUNDLE_EXECUTABLE_FOLDER_PATH)/VoiceMealWatch Watch App";
				WATCHOS_DEPLOYMENT_TARGET = 26.2;
			};
			name = Debug;
		};
		B974CE922F78296600EEC453 /* Release */ = {
			isa = XCBuildConfiguration;
			buildSettings = {
				BUNDLE_LOADER = "$(TEST_HOST)";
				CODE_SIGN_STYLE = Automatic;
				CURRENT_PROJECT_VERSION = 1;
				DEVELOPMENT_TEAM = NAPXV2993R;
				GENERATE_INFOPLIST_FILE = YES;
				MARKETING_VERSION = 1.0;
				PRODUCT_BUNDLE_IDENTIFIER = "indio.VoiceMealWatch-Watch-AppTests";
				PRODUCT_NAME = "$(TARGET_NAME)";
				SDKROOT = watchos;
				STRING_CATALOG_GENERATE_SYMBOLS = NO;
				SWIFT_APPROACHABLE_CONCURRENCY = YES;
				SWIFT_EMIT_LOC_STRINGS = NO;
				SWIFT_UPCOMING_FEATURE_MEMBER_IMPORT_VISIBILITY = YES;
				SWIFT_VERSION = 5.0;
				TARGETED_DEVICE_FAMILY = 4;
				TEST_HOST = "$(BUILT_PRODUCTS_DIR)/VoiceMealWatch Watch App.app/$(BUNDLE_EXECUTABLE_FOLDER_PATH)/VoiceMealWatch Watch App";
				WATCHOS_DEPLOYMENT_TARGET = 26.2;
			};
			name = Release;
		};
		B974CE942F78296600EEC453 /* Debug */ = {
			isa = XCBuildConfiguration;
			buildSettings = {
				CODE_SIGN_STYLE = Automatic;
				CURRENT_PROJECT_VERSION = 1;
				DEVELOPMENT_TEAM = NAPXV2993R;
				GENERATE_INFOPLIST_FILE = YES;
				MARKETING_VERSION = 1.0;
				PRODUCT_BUNDLE_IDENTIFIER = "indio.VoiceMealWatch-Watch-AppUITests";
				PRODUCT_NAME = "$(TARGET_NAME)";
				SDKROOT = watchos;
				STRING_CATALOG_GENERATE_SYMBOLS = NO;
				SWIFT_APPROACHABLE_CONCURRENCY = YES;
				SWIFT_EMIT_LOC_STRINGS = NO;
				SWIFT_UPCOMING_FEATURE_MEMBER_IMPORT_VISIBILITY = YES;
				SWIFT_VERSION = 5.0;
				TARGETED_DEVICE_FAMILY = 4;
				TEST_TARGET_NAME = "VoiceMealWatch Watch App";
				WATCHOS_DEPLOYMENT_TARGET = 26.2;
			};
			name = Debug;
		};
		B974CE952F78296600EEC453 /* Release */ = {
			isa = XCBuildConfiguration;
			buildSettings = {
				CODE_SIGN_STYLE = Automatic;
				CURRENT_PROJECT_VERSION = 1;
				DEVELOPMENT_TEAM = NAPXV2993R;
				GENERATE_INFOPLIST_FILE = YES;
				MARKETING_VERSION = 1.0;
				PRODUCT_BUNDLE_IDENTIFIER = "indio.VoiceMealWatch-Watch-AppUITests";
				PRODUCT_NAME = "$(TARGET_NAME)";
				SDKROOT = watchos;
				STRING_CATALOG_GENERATE_SYMBOLS = NO;
				SWIFT_APPROACHABLE_CONCURRENCY = YES;
				SWIFT_EMIT_LOC_STRINGS = NO;
				SWIFT_UPCOMING_FEATURE_MEMBER_IMPORT_VISIBILITY = YES;
				SWIFT_VERSION = 5.0;
				TARGETED_DEVICE_FAMILY = 4;
				TEST_TARGET_NAME = "VoiceMealWatch Watch App";
				WATCHOS_DEPLOYMENT_TARGET = 26.2;
			};
			name = Release;
		};
		B980218A2F620F310032CCEB /* Debug */ = {
			isa = XCBuildConfiguration;
			buildSettings = {
				ALWAYS_SEARCH_USER_PATHS = NO;
				ASSETCATALOG_COMPILER_GENERATE_SWIFT_ASSET_SYMBOL_EXTENSIONS = YES;
				CLANG_ANALYZER_NONNULL = YES;
				CLANG_ANALYZER_NUMBER_OBJECT_CONVERSION = YES_AGGRESSIVE;
				CLANG_CXX_LANGUAGE_STANDARD = "gnu++20";
				CLANG_ENABLE_MODULES = YES;
				CLANG_ENABLE_OBJC_ARC = YES;
				CLANG_ENABLE_OBJC_WEAK = YES;
				CLANG_WARN_BLOCK_CAPTURE_AUTORELEASING = YES;
				CLANG_WARN_BOOL_CONVERSION = YES;
				CLANG_WARN_COMMA = YES;
				CLANG_WARN_CONSTANT_CONVERSION = YES;
				CLANG_WARN_DEPRECATED_OBJC_IMPLEMENTATIONS = YES;
				CLANG_WARN_DIRECT_OBJC_ISA_USAGE = YES_ERROR;
				CLANG_WARN_DOCUMENTATION_COMMENTS = YES;
				CLANG_WARN_EMPTY_BODY = YES;
				CLANG_WARN_ENUM_CONVERSION = YES;
				CLANG_WARN_INFINITE_RECURSION = YES;
				CLANG_WARN_INT_CONVERSION = YES;
				CLANG_WARN_NON_LITERAL_NULL_CONVERSION = YES;
				CLANG_WARN_OBJC_IMPLICIT_RETAIN_SELF = YES;
				CLANG_WARN_OBJC_LITERAL_CONVERSION = YES;
				CLANG_WARN_OBJC_ROOT_CLASS = YES_ERROR;
				CLANG_WARN_QUOTED_INCLUDE_IN_FRAMEWORK_HEADER = YES;
				CLANG_WARN_RANGE_LOOP_ANALYSIS = YES;
				CLANG_WARN_STRICT_PROTOTYPES = YES;
				CLANG_WARN_SUSPICIOUS_MOVE = YES;
				CLANG_WARN_UNGUARDED_AVAILABILITY = YES_AGGRESSIVE;
				CLANG_WARN_UNREACHABLE_CODE = YES;
				CLANG_WARN__DUPLICATE_METHOD_MATCH = YES;
				COPY_PHASE_STRIP = NO;
				DEBUG_INFORMATION_FORMAT = dwarf;
				DEVELOPMENT_TEAM = NAPXV2993R;
				ENABLE_STRICT_OBJC_MSGSEND = YES;
				ENABLE_TESTABILITY = YES;
				ENABLE_USER_SCRIPT_SANDBOXING = YES;
				GCC_C_LANGUAGE_STANDARD = gnu17;
				GCC_DYNAMIC_NO_PIC = NO;
				GCC_NO_COMMON_BLOCKS = YES;
				GCC_OPTIMIZATION_LEVEL = 0;
				GCC_PREPROCESSOR_DEFINITIONS = (
					"DEBUG=1",
					"$(inherited)",
				);
				GCC_WARN_64_TO_32_BIT_CONVERSION = YES;
				GCC_WARN_ABOUT_RETURN_TYPE = YES_ERROR;
				GCC_WARN_UNDECLARED_SELECTOR = YES;
				GCC_WARN_UNINITIALIZED_AUTOS = YES_AGGRESSIVE;
				GCC_WARN_UNUSED_FUNCTION = YES;
				GCC_WARN_UNUSED_VARIABLE = YES;
				IPHONEOS_DEPLOYMENT_TARGET = 26.2;
				LOCALIZATION_PREFERS_STRING_CATALOGS = YES;
				MTL_ENABLE_DEBUG_INFO = INCLUDE_SOURCE;
				MTL_FAST_MATH = YES;
				ONLY_ACTIVE_ARCH = YES;
				SDKROOT = iphoneos;
				SWIFT_ACTIVE_COMPILATION_CONDITIONS = "DEBUG $(inherited)";
				SWIFT_OPTIMIZATION_LEVEL = "-Onone";
			};
			name = Debug;
		};
		B980218B2F620F310032CCEB /* Release */ = {
			isa = XCBuildConfiguration;
			buildSettings = {
				ALWAYS_SEARCH_USER_PATHS = NO;
				ASSETCATALOG_COMPILER_GENERATE_SWIFT_ASSET_SYMBOL_EXTENSIONS = YES;
				CLANG_ANALYZER_NONNULL = YES;
				CLANG_ANALYZER_NUMBER_OBJECT_CONVERSION = YES_AGGRESSIVE;
				CLANG_CXX_LANGUAGE_STANDARD = "gnu++20";
				CLANG_ENABLE_MODULES = YES;
				CLANG_ENABLE_OBJC_ARC = YES;
				CLANG_ENABLE_OBJC_WEAK = YES;
				CLANG_WARN_BLOCK_CAPTURE_AUTORELEASING = YES;
				CLANG_WARN_BOOL_CONVERSION = YES;
				CLANG_WARN_COMMA = YES;
				CLANG_WARN_CONSTANT_CONVERSION = YES;
				CLANG_WARN_DEPRECATED_OBJC_IMPLEMENTATIONS = YES;
				CLANG_WARN_DIRECT_OBJC_ISA_USAGE = YES_ERROR;
				CLANG_WARN_DOCUMENTATION_COMMENTS = YES;
				CLANG_WARN_EMPTY_BODY = YES;
				CLANG_WARN_ENUM_CONVERSION = YES;
				CLANG_WARN_INFINITE_RECURSION = YES;
				CLANG_WARN_INT_CONVERSION = YES;
				CLANG_WARN_NON_LITERAL_NULL_CONVERSION = YES;
				CLANG_WARN_OBJC_IMPLICIT_RETAIN_SELF = YES;
				CLANG_WARN_OBJC_LITERAL_CONVERSION = YES;
				CLANG_WARN_OBJC_ROOT_CLASS = YES_ERROR;
				CLANG_WARN_QUOTED_INCLUDE_IN_FRAMEWORK_HEADER = YES;
				CLANG_WARN_RANGE_LOOP_ANALYSIS = YES;
				CLANG_WARN_STRICT_PROTOTYPES = YES;
				CLANG_WARN_SUSPICIOUS_MOVE = YES;
				CLANG_WARN_UNGUARDED_AVAILABILITY = YES_AGGRESSIVE;
				CLANG_WARN_UNREACHABLE_CODE = YES;
				CLANG_WARN__DUPLICATE_METHOD_MATCH = YES;
				COPY_PHASE_STRIP = NO;
				DEBUG_INFORMATION_FORMAT = "dwarf-with-dsym";
				DEVELOPMENT_TEAM = NAPXV2993R;
				ENABLE_NS_ASSERTIONS = NO;
				ENABLE_STRICT_OBJC_MSGSEND = YES;
				ENABLE_USER_SCRIPT_SANDBOXING = YES;
				GCC_C_LANGUAGE_STANDARD = gnu17;
				GCC_NO_COMMON_BLOCKS = YES;
				GCC_WARN_64_TO_32_BIT_CONVERSION = YES;
				GCC_WARN_ABOUT_RETURN_TYPE = YES_ERROR;
				GCC_WARN_UNDECLARED_SELECTOR = YES;
				GCC_WARN_UNINITIALIZED_AUTOS = YES_AGGRESSIVE;
				GCC_WARN_UNUSED_FUNCTION = YES;
				GCC_WARN_UNUSED_VARIABLE = YES;
				IPHONEOS_DEPLOYMENT_TARGET = 26.2;
				LOCALIZATION_PREFERS_STRING_CATALOGS = YES;
				MTL_ENABLE_DEBUG_INFO = NO;
				MTL_FAST_MATH = YES;
				SDKROOT = iphoneos;
				SWIFT_COMPILATION_MODE = wholemodule;
				VALIDATE_PRODUCT = YES;
			};
			name = Release;
		};
		B980218D2F620F310032CCEB /* Debug */ = {
			isa = XCBuildConfiguration;
			baseConfigurationReference = B98021A02F620F310032CCEB /* Config.xcconfig */;
			buildSettings = {
				ASSETCATALOG_COMPILER_APPICON_NAME = AppIcon;
				ASSETCATALOG_COMPILER_GLOBAL_ACCENT_COLOR_NAME = AccentColor;
				CODE_SIGN_ENTITLEMENTS = VoiceMeal/VoiceMeal.entitlements;
				CODE_SIGN_STYLE = Automatic;
				CURRENT_PROJECT_VERSION = 4;
				DEVELOPMENT_TEAM = NAPXV2993R;
				ENABLE_PREVIEWS = YES;
				GENERATE_INFOPLIST_FILE = YES;
				INFOPLIST_FILE = Info.plist;
				INFOPLIST_KEY_NSMicrophoneUsageDescription = "VoiceMeal sesinizi yemek kaydetmek iu00e7in kullanu0131r";
				INFOPLIST_KEY_NSSpeechRecognitionUsageDescription = "VoiceMeal konuu015fmanu0131zu0131 analiz etmek iu00e7in kullanu0131r";
				INFOPLIST_KEY_UIApplicationSceneManifest_Generation = YES;
				INFOPLIST_KEY_UIApplicationSupportsIndirectInputEvents = YES;
				INFOPLIST_KEY_UILaunchScreen_Generation = YES;
				INFOPLIST_KEY_UISupportedInterfaceOrientations_iPad = "UIInterfaceOrientationPortrait UIInterfaceOrientationPortraitUpsideDown UIInterfaceOrientationLandscapeLeft UIInterfaceOrientationLandscapeRight";
				INFOPLIST_KEY_UISupportedInterfaceOrientations_iPhone = "UIInterfaceOrientationPortrait UIInterfaceOrientationLandscapeLeft UIInterfaceOrientationLandscapeRight";
				IPHONEOS_DEPLOYMENT_TARGET = 17.6;
				LD_RUNPATH_SEARCH_PATHS = (
					"$(inherited)",
					"@executable_path/Frameworks",
				);
				MARKETING_VERSION = 1.0;
				PRODUCT_BUNDLE_IDENTIFIER = indio.VoiceMeal;
				PRODUCT_NAME = "$(TARGET_NAME)";
				STRING_CATALOG_GENERATE_SYMBOLS = YES;
				SWIFT_APPROACHABLE_CONCURRENCY = YES;
				SWIFT_DEFAULT_ACTOR_ISOLATION = MainActor;
				SWIFT_EMIT_LOC_STRINGS = YES;
				SWIFT_UPCOMING_FEATURE_MEMBER_IMPORT_VISIBILITY = YES;
				SWIFT_VERSION = 5.0;
				TARGETED_DEVICE_FAMILY = "1,2";
			};
			name = Debug;
		};
		B980218E2F620F310032CCEB /* Release */ = {
			isa = XCBuildConfiguration;
			baseConfigurationReference = B98021A02F620F310032CCEB /* Config.xcconfig */;
			buildSettings = {
				ASSETCATALOG_COMPILER_APPICON_NAME = AppIcon;
				ASSETCATALOG_COMPILER_GLOBAL_ACCENT_COLOR_NAME = AccentColor;
				CODE_SIGN_ENTITLEMENTS = VoiceMeal/VoiceMeal.entitlements;
				CODE_SIGN_STYLE = Automatic;
				CURRENT_PROJECT_VERSION = 4;
				DEVELOPMENT_TEAM = NAPXV2993R;
				ENABLE_PREVIEWS = YES;
				GENERATE_INFOPLIST_FILE = YES;
				INFOPLIST_FILE = Info.plist;
				INFOPLIST_KEY_NSMicrophoneUsageDescription = "VoiceMeal sesinizi yemek kaydetmek iu00e7in kullanu0131r";
				INFOPLIST_KEY_NSSpeechRecognitionUsageDescription = "VoiceMeal konuu015fmanu0131zu0131 analiz etmek iu00e7in kullanu0131r";
				INFOPLIST_KEY_UIApplicationSceneManifest_Generation = YES;
				INFOPLIST_KEY_UIApplicationSupportsIndirectInputEvents = YES;
				INFOPLIST_KEY_UILaunchScreen_Generation = YES;
				INFOPLIST_KEY_UISupportedInterfaceOrientations_iPad = "UIInterfaceOrientationPortrait UIInterfaceOrientationPortraitUpsideDown UIInterfaceOrientationLandscapeLeft UIInterfaceOrientationLandscapeRight";
				INFOPLIST_KEY_UISupportedInterfaceOrientations_iPhone = "UIInterfaceOrientationPortrait UIInterfaceOrientationLandscapeLeft UIInterfaceOrientationLandscapeRight";
				IPHONEOS_DEPLOYMENT_TARGET = 17.6;
				LD_RUNPATH_SEARCH_PATHS = (
					"$(inherited)",
					"@executable_path/Frameworks",
				);
				MARKETING_VERSION = 1.0;
				PRODUCT_BUNDLE_IDENTIFIER = indio.VoiceMeal;
				PRODUCT_NAME = "$(TARGET_NAME)";
				STRING_CATALOG_GENERATE_SYMBOLS = YES;
				SWIFT_APPROACHABLE_CONCURRENCY = YES;
				SWIFT_DEFAULT_ACTOR_ISOLATION = MainActor;
				SWIFT_EMIT_LOC_STRINGS = YES;
				SWIFT_UPCOMING_FEATURE_MEMBER_IMPORT_VISIBILITY = YES;
				SWIFT_VERSION = 5.0;
				TARGETED_DEVICE_FAMILY = "1,2";
			};
			name = Release;
		};
		B98021902F620F310032CCEB /* Debug */ = {
			isa = XCBuildConfiguration;
			buildSettings = {
				BUNDLE_LOADER = "$(TEST_HOST)";
				CODE_SIGN_STYLE = Automatic;
				CURRENT_PROJECT_VERSION = 1;
				DEVELOPMENT_TEAM = NAPXV2993R;
				GENERATE_INFOPLIST_FILE = YES;
				IPHONEOS_DEPLOYMENT_TARGET = 26.2;
				MARKETING_VERSION = 1.0;
				PRODUCT_BUNDLE_IDENTIFIER = indio.VoiceMealTests;
				PRODUCT_NAME = "$(TARGET_NAME)";
				STRING_CATALOG_GENERATE_SYMBOLS = NO;
				SWIFT_APPROACHABLE_CONCURRENCY = YES;
				SWIFT_EMIT_LOC_STRINGS = NO;
				SWIFT_UPCOMING_FEATURE_MEMBER_IMPORT_VISIBILITY = YES;
				SWIFT_VERSION = 5.0;
				TARGETED_DEVICE_FAMILY = "1,2";
				TEST_HOST = "$(BUILT_PRODUCTS_DIR)/VoiceMeal.app/$(BUNDLE_EXECUTABLE_FOLDER_PATH)/VoiceMeal";
			};
			name = Debug;
		};
		B98021912F620F310032CCEB /* Release */ = {
			isa = XCBuildConfiguration;
			buildSettings = {
				BUNDLE_LOADER = "$(TEST_HOST)";
				CODE_SIGN_STYLE = Automatic;
				CURRENT_PROJECT_VERSION = 1;
				DEVELOPMENT_TEAM = NAPXV2993R;
				GENERATE_INFOPLIST_FILE = YES;
				IPHONEOS_DEPLOYMENT_TARGET = 26.2;
				MARKETING_VERSION = 1.0;
				PRODUCT_BUNDLE_IDENTIFIER = indio.VoiceMealTests;
				PRODUCT_NAME = "$(TARGET_NAME)";
				STRING_CATALOG_GENERATE_SYMBOLS = NO;
				SWIFT_APPROACHABLE_CONCURRENCY = YES;
				SWIFT_EMIT_LOC_STRINGS = NO;
				SWIFT_UPCOMING_FEATURE_MEMBER_IMPORT_VISIBILITY = YES;
				SWIFT_VERSION = 5.0;
				TARGETED_DEVICE_FAMILY = "1,2";
				TEST_HOST = "$(BUILT_PRODUCTS_DIR)/VoiceMeal.app/$(BUNDLE_EXECUTABLE_FOLDER_PATH)/VoiceMeal";
			};
			name = Release;
		};
		B98021932F620F310032CCEB /* Debug */ = {
			isa = XCBuildConfiguration;
			buildSettings = {
				CODE_SIGN_STYLE = Automatic;
				CURRENT_PROJECT_VERSION = 1;
				DEVELOPMENT_TEAM = NAPXV2993R;
				GENERATE_INFOPLIST_FILE = YES;
				MARKETING_VERSION = 1.0;
				PRODUCT_BUNDLE_IDENTIFIER = indio.VoiceMealUITests;
				PRODUCT_NAME = "$(TARGET_NAME)";
				STRING_CATALOG_GENERATE_SYMBOLS = NO;
				SWIFT_APPROACHABLE_CONCURRENCY = YES;
				SWIFT_EMIT_LOC_STRINGS = NO;
				SWIFT_UPCOMING_FEATURE_MEMBER_IMPORT_VISIBILITY = YES;
				SWIFT_VERSION = 5.0;
				TARGETED_DEVICE_FAMILY = "1,2";
				TEST_TARGET_NAME = VoiceMeal;
			};
			name = Debug;
		};
		B98021942F620F310032CCEB /* Release */ = {
			isa = XCBuildConfiguration;
			buildSettings = {
				CODE_SIGN_STYLE = Automatic;
				CURRENT_PROJECT_VERSION = 1;
				DEVELOPMENT_TEAM = NAPXV2993R;
				GENERATE_INFOPLIST_FILE = YES;
				MARKETING_VERSION = 1.0;
				PRODUCT_BUNDLE_IDENTIFIER = indio.VoiceMealUITests;
				PRODUCT_NAME = "$(TARGET_NAME)";
				STRING_CATALOG_GENERATE_SYMBOLS = NO;
				SWIFT_APPROACHABLE_CONCURRENCY = YES;
				SWIFT_EMIT_LOC_STRINGS = NO;
				SWIFT_UPCOMING_FEATURE_MEMBER_IMPORT_VISIBILITY = YES;
				SWIFT_VERSION = 5.0;
				TARGETED_DEVICE_FAMILY = "1,2";
				TEST_TARGET_NAME = VoiceMeal;
			};
			name = Release;
		};
/* End XCBuildConfiguration section */

/* Begin XCConfigurationList section */
		1F5C7AEBCFC4C810356F8CAF /* Build configuration list for PBXNativeTarget "VoiceMealWidgetExtension" */ = {
			isa = XCConfigurationList;
			buildConfigurations = (
				76928D0CAC80C0ABD5584800 /* Release */,
				2BC81038337D12C81094F8B9 /* Debug */,
			);
			defaultConfigurationIsVisible = 0;
			defaultConfigurationName = Release;
		};
		B974CE8C2F78296600EEC453 /* Build configuration list for PBXNativeTarget "VoiceMealWatch Watch App" */ = {
			isa = XCConfigurationList;
			buildConfigurations = (
				B974CE8D2F78296600EEC453 /* Debug */,
				B974CE8E2F78296600EEC453 /* Release */,
			);
			defaultConfigurationIsVisible = 0;
			defaultConfigurationName = Release;
		};
		B974CE902F78296600EEC453 /* Build configuration list for PBXNativeTarget "VoiceMealWatch Watch AppTests" */ = {
			isa = XCConfigurationList;
			buildConfigurations = (
				B974CE912F78296600EEC453 /* Debug */,
				B974CE922F78296600EEC453 /* Release */,
			);
			defaultConfigurationIsVisible = 0;
			defaultConfigurationName = Release;
		};
		B974CE932F78296600EEC453 /* Build configuration list for PBXNativeTarget "VoiceMealWatch Watch AppUITests" */ = {
			isa = XCConfigurationList;
			buildConfigurations = (
				B974CE942F78296600EEC453 /* Debug */,
				B974CE952F78296600EEC453 /* Release */,
			);
			defaultConfigurationIsVisible = 0;
			defaultConfigurationName = Release;
		};
		B98021642F620F300032CCEB /* Build configuration list for PBXProject "VoiceMeal" */ = {
			isa = XCConfigurationList;
			buildConfigurations = (
				B980218A2F620F310032CCEB /* Debug */,
				B980218B2F620F310032CCEB /* Release */,
			);
			defaultConfigurationIsVisible = 0;
			defaultConfigurationName = Release;
		};
		B980218C2F620F310032CCEB /* Build configuration list for PBXNativeTarget "VoiceMeal" */ = {
			isa = XCConfigurationList;
			buildConfigurations = (
				B980218D2F620F310032CCEB /* Debug */,
				B980218E2F620F310032CCEB /* Release */,
			);
			defaultConfigurationIsVisible = 0;
			defaultConfigurationName = Release;
		};
		B980218F2F620F310032CCEB /* Build configuration list for PBXNativeTarget "VoiceMealTests" */ = {
			isa = XCConfigurationList;
			buildConfigurations = (
				B98021902F620F310032CCEB /* Debug */,
				B98021912F620F310032CCEB /* Release */,
			);
			defaultConfigurationIsVisible = 0;
			defaultConfigurationName = Release;
		};
		B98021922F620F310032CCEB /* Build configuration list for PBXNativeTarget "VoiceMealUITests" */ = {
			isa = XCConfigurationList;
			buildConfigurations = (
				B98021932F620F310032CCEB /* Debug */,
				B98021942F620F310032CCEB /* Release */,
			);
			defaultConfigurationIsVisible = 0;
			defaultConfigurationName = Release;
		};
/* End XCConfigurationList section */

/* Begin XCRemoteSwiftPackageReference section */
		B9E588E12F8F5A0700AA128D /* XCRemoteSwiftPackageReference "sentry-cocoa" */ = {
			isa = XCRemoteSwiftPackageReference;
			repositoryURL = "https://github.com/getsentry/sentry-cocoa";
			requirement = {
				kind = upToNextMajorVersion;
				minimumVersion = 9.10.0;
			};
		};
/* End XCRemoteSwiftPackageReference section */

/* Begin XCSwiftPackageProductDependency section */
		B9E588E22F8F5AEC00AA128D /* Sentry */ = {
			isa = XCSwiftPackageProductDependency;
			package = B9E588E12F8F5A0700AA128D /* XCRemoteSwiftPackageReference "sentry-cocoa" */;
			productName = Sentry;
		};
/* End XCSwiftPackageProductDependency section */
	};
	rootObject = B98021612F620F300032CCEB /* Project object */;
}
